
Microsoft Visual Studio Solution File, Format Version 12.00
# Visual Studio 15
VisualStudioVersion = 15.0.26430.13
MinimumVisualStudioVersion = 10.0.40219.1
Project("{9A19103F-16F7-4668-BE54-9A1E7A4F7556}") = "ListyIterator", "ListyIterator\ListyIterator.csproj", "{891AF380-E08E-4529-B5CE-606DB3B0A144}"
EndProject
Project("{9A19103F-16F7-4668-BE54-9A1E7A4F7556}") = "Collection", "Collection\Collection.csproj", "{1DB42B14-F6C7-4862-9738-08A208E62834}"
EndProject
Project("{9A19103F-16F7-4668-BE54-9A1E7A4F7556}") = "Stack", "Stack\Stack.csproj", "{F0289E9B-CCAB-45BC-AA60-5187850056B5}"
EndProject
Project("{9A19103F-16F7-4668-BE54-9A1E7A4F7556}") = "Froggy", "Froggy\Froggy.csproj", "{9D16D764-0D68-4926-B880-3F9D729C3D71}"
EndProject
Project("{FAE04EC0-301F-11D3-BF4B-00C04F79EFBC}") = "ComparingObjects", "ComparingObjects\ComparingObjects.csproj", "{A86DF6C9-1F73-4FB1-9917-4DEB33DF59BF}"
EndProject
Project("{FAE04EC0-301F-11D3-BF4B-00C04F79EFBC}") = "StrategyPattern", "StrategyPattern\StrategyPattern.csproj", "{CAA67B3E-1EB1-4DE1-BB74-48E7DD1C5804}"
EndProject
Global
	GlobalSection(SolutionConfigurationPlatforms) = preSolution
		Debug|Any CPU = Debug|Any CPU
		Release|Any CPU = Release|Any CPU
	EndGlobalSection
	GlobalSection(ProjectConfigurationPlatforms) = postSolution
		{891AF380-E08E-4529-B5CE-606DB3B0A144}.Debug|Any CPU.ActiveCfg = Debug|Any CPU
		{891AF380-E08E-4529-B5CE-606DB3B0A144}.Debug|Any CPU.Build.0 = Debug|Any CPU
		{891AF380-E08E-4529-B5CE-606DB3B0A144}.Release|Any CPU.ActiveCfg = Release|Any CPU
		{891AF380-E08E-4529-B5CE-606DB3B0A144}.Release|Any CPU.Build.0 = Release|Any CPU
		{1DB42B14-F6C7-4862-9738-08A208E62834}.Debug|Any CPU.ActiveCfg = Debug|Any CPU
		{1DB42B14-F6C7-4862-9738-08A208E62834}.Debug|Any CPU.Build.0 = Debug|Any CPU
		{1DB42B14-F6C7-4862-9738-08A208E62834}.Release|Any CPU.ActiveCfg = Release|Any CPU
		{1DB42B14-F6C7-4862-9738-08A208E62834}.Release|Any CPU.Build.0 = Release|Any CPU
		{F0289E9B-CCAB-45BC-AA60-5187850056B5}.Debug|Any CPU.ActiveCfg = Debug|Any CPU
		{F0289E9B-CCAB-45BC-AA60-5187850056B5}.Debug|Any CPU.Build.0 = Debug|Any CPU
		{F0289E9B-CCAB-45BC-AA60-5187850056B5}.Release|Any CPU.ActiveCfg = Release|Any CPU
		{F0289E9B-CCAB-45BC-AA60-5187850056B5}.Release|Any CPU.Build.0 = Release|Any CPU
		{9D16D764-0D68-4926-B880-3F9D729C3D71}.Debug|Any CPU.ActiveCfg = Debug|Any CPU
		{9D16D764-0D68-4926-B880-3F9D729C3D71}.Debug|Any CPU.Build.0 = Debug|Any CPU
		{9D16D764-0D68-4926-B880-3F9D729C3D71}.Release|Any CPU.ActiveCfg = Release|Any CPU
		{9D16D764-0D68-4926-B880-3F9D729C3D71}.Release|Any CPU.Build.0 = Release|Any CPU
		{A86DF6C9-1F73-4FB1-9917-4DEB33DF59BF}.Debug|Any CPU.ActiveCfg = Debug|Any CPU
		{A86DF6C9-1F73-4FB1-9917-4DEB33DF59BF}.Debug|Any CPU.Build.0 = Debug|Any CPU
		{A86DF6C9-1F73-4FB1-9917-4DEB33DF59BF}.Release|Any CPU.ActiveCfg = Release|Any CPU
		{A86DF6C9-1F73-4FB1-9917-4DEB33DF59BF}.Release|Any CPU.Build.0 = Release|Any CPU
		{CAA67B3E-1EB1-4DE1-BB74-48E7DD1C5804}.Debug|Any CPU.ActiveCfg = Debug|Any CPU
		{CAA67B3E-1EB1-4DE1-BB74-48E7DD1C5804}.Debug|Any CPU.Build.0 = Debug|Any CPU
		{CAA67B3E-1EB1-4DE1-BB74-48E7DD1C5804}.Release|Any CPU.ActiveCfg = Release|Any CPU
		{CAA67B3E-1EB1-4DE1-BB74-48E7DD1C5804}.Release|Any CPU.Build.0 = Release|Any CPU
	EndGlobalSection
	GlobalSection(SolutionProperties) = preSolution
		HideSolutionNode = FALSE
	EndGlobalSection
EndGlobal
